
Microsoft Visual Studio Solution File, Format Version 12.00
# Visual Studio Version 16
VisualStudioVersion = 16.0.30011.22
MinimumVisualStudioVersion = 10.0.40219.1
Project("{FAE04EC0-301F-11D3-BF4B-00C04F79EFBC}") = "ProjetUDAF", "ProjetUDAF\ProjetUDAF.csproj", "{B1EB5DC2-68C5-4877-9485-D5AE80F15539}"
EndProject
Global
	GlobalSection(SolutionConfigurationPlatforms) = preSolution
		Debug|Any CPU = Debug|Any CPU
		Release|Any CPU = Release|Any CPU
	EndGlobalSection
	GlobalSection(ProjectConfigurationPlatforms) = postSolution
		{B1EB5DC2-68C5-4877-9485-D5AE80F15539}.Debug|Any CPU.ActiveCfg = Debug|Any CPU
		{B1EB5DC2-68C5-4877-9485-D5AE80F15539}.Debug|Any CPU.Build.0 = Debug|Any CPU
		{B1EB5DC2-68C5-4877-9485-D5AE80F15539}.Release|Any CPU.ActiveCfg = Release|Any CPU
		{B1EB5DC2-68C5-4877-9485-D5AE80F15539}.Release|Any CPU.Build.0 = Release|Any CPU
	EndGlobalSection
	GlobalSection(SolutionProperties) = preSolution
		HideSolutionNode = FALSE
	EndGlobalSection
	GlobalSection(ExtensibilityGlobals) = postSolution
		SolutionGuid = {0FAD0EDD-9C85-4CD6-8405-FD62751DEBF3}
	EndGlobalSection
EndGlobal
